
Microsoft Visual Studio Solution File, Format Version 12.00
# Visual Studio Version 17
VisualStudioVersion = 17.14.36414.22 d17.14
MinimumVisualStudioVersion = 10.0.40219.1
Project("{FAE04EC0-301F-11D3-BF4B-00C04F79EFBC}") = "travel-planner", "travel-planner.csproj", "{02E68653-E974-4B80-8008-361289A54268}"
EndProject
Global
	GlobalSection(SolutionConfigurationPlatforms) = preSolution
		Debug|Any CPU = Debug|Any CPU
		Release|Any CPU = Release|Any CPU
	EndGlobalSection
	GlobalSection(ProjectConfigurationPlatforms) = postSolution
		{02E68653-E974-4B80-8008-361289A54268}.Debug|Any CPU.ActiveCfg = Debug|Any CPU
		{02E68653-E974-4B80-8008-361289A54268}.Debug|Any CPU.Build.0 = Debug|Any CPU
		{02E68653-E974-4B80-8008-361289A54268}.Release|Any CPU.ActiveCfg = Release|Any CPU
		{02E68653-E974-4B80-8008-361289A54268}.Release|Any CPU.Build.0 = Release|Any CPU
	EndGlobalSection
	GlobalSection(SolutionProperties) = preSolution
		HideSolutionNode = FALSE
	EndGlobalSection
	GlobalSection(ExtensibilityGlobals) = postSolution
		SolutionGuid = {1D922B5D-0E3C-4DD2-A3EB-518D905E68D0}
	EndGlobalSection
EndGlobal
